{
  "name": "funnelai",
  "lockfileVersion": 3,
  "requires": true,
  "packages": {
    "": {
      "name": "funnelai",
      "version": "1.0.0",
      "hasInstallScript": false,
      "dependencies": {},
      "devDependencies": {
        "@types/node": "^20.11.0",
        "prettier": "^3.2.4",
        "turbo": "^1.11.3",
        "typescript": "^5.3.3"
      }
    }
  }
}